// !$*UTF8*$!
{
	archiveVersion = 1;
	classes = {
	};
	objectVersion = 77;
	objects = {

/* Begin PBXContainerItemProxy section */
		008BA8EC2EA50B1C00AEDCF1 /* PBXContainerItemProxy */ = {
			isa = PBXContainerItemProxy;
			containerPortal = 008BA8D62EA50B1A00AEDCF1 /* Project object */;
			proxyType = 1;
			remoteGlobalIDString = 008BA8DD2EA50B1A00AEDCF1;
			remoteInfo = ExerciseAppSwiftUI;
		};
		008BA8F62EA50B1C00AEDCF1 /* PBXContainerItemProxy */ = {
			isa = PBXContainerItemProxy;
			containerPortal = 008BA8D62EA50B1A00AEDCF1 /* Project object */;
			proxyType = 1;
			remoteGlobalIDString = 008BA8DD2EA50B1A00AEDCF1;
			remoteInfo = ExerciseAppSwiftUI;
		};
/* End PBXContainerItemProxy section */

/* Begin PBXFileReference section */
		008BA8DE2EA50B1A00AEDCF1 /* ExerciseAppSwiftUI.app */ = {isa = PBXFileReference; explicitFileType = wrapper.application; includeInIndex = 0; path = ExerciseAppSwiftUI.app; sourceTree = BUILT_PRODUCTS_DIR; };
		008BA8EB2EA50B1C00AEDCF1 /* ExerciseAppSwiftUITests.xctest */ = {isa = PBXFileReference; explicitFileType = wrapper.cfbundle; includeInIndex = 0; path = ExerciseAppSwiftUITests.xctest; sourceTree = BUILT_PRODUCTS_DIR; };
		008BA8F52EA50B1C00AEDCF1 /* ExerciseAppSwiftUIUITests.xctest */ = {isa = PBXFileReference; explicitFileType = wrapper.cfbundle; includeInIndex = 0; path = ExerciseAppSwiftUIUITests.xctest; sourceTree = BUILT_PRODUCTS_DIR; };
/* End PBXFileReference section */

/* Begin PBXFileSystemSynchronizedRootGroup section */
		008BA8E02EA50B1A00AEDCF1 /* ExerciseAppSwiftUI */ = {
			isa = PBXFileSystemSynchronizedRootGroup;
			path = ExerciseAppSwiftUI;
			sourceTree = "<group>";
		};
		008BA8EE2EA50B1C00AEDCF1 /* ExerciseAppSwiftUITests */ = {
			isa = PBXFileSystemSynchronizedRootGroup;
			path = ExerciseAppSwiftUITests;
			sourceTree = "<group>";
		};
		008BA8F82EA50B1C00AEDCF1 /* ExerciseAppSwiftUIUITests */ = {
			isa = PBXFileSystemSynchronizedRootGroup;
			path = ExerciseAppSwiftUIUITests;
			sourceTree = "<group>";
		};
/* End PBXFileSystemSynchronizedRootGroup section */

/* Begin PBXFrameworksBuildPhase section */
		008BA8DB2EA50B1A00AEDCF1 /* Frameworks */ = {
			isa = PBXFrameworksBuildPhase;
			buildActionMask = 2147483647;
			files = (
			);
			runOnlyForDeploymentPostprocessing = 0;
		};
		008BA8E82EA50B1C00AEDCF1 /* Frameworks */ = {
			isa = PBXFrameworksBuildPhase;
			buildActionMask = 2147483647;
			files = (
			);
			runOnlyForDeploymentPostprocessing = 0;
		};
		008BA8F22EA50B1C00AEDCF1 /* Frameworks */ = {
			isa = PBXFrameworksBuildPhase;
			buildActionMask = 2147483647;
			files = (
			);
			runOnlyForDeploymentPostprocessing = 0;
		};
/* End PBXFrameworksBuildPhase section */

/* Begin PBXGroup section */
		008BA8D52EA50B1A00AEDCF1 = {
			isa = PBXGroup;
			children = (
				008BA8E02EA50B1A00AEDCF1 /* ExerciseAppSwiftUI */,
				008BA8EE2EA50B1C00AEDCF1 /* ExerciseAppSwiftUITests */,
				008BA8F82EA50B1C00AEDCF1 /* ExerciseAppSwiftUIUITests */,
				008BA8DF2EA50B1A00AEDCF1 /* Products */,
			);
			sourceTree = "<group>";
		};
		008BA8DF2EA50B1A00AEDCF1 /* Products */ = {
			isa = PBXGroup;
			children = (
				008BA8DE2EA50B1A00AEDCF1 /* ExerciseAppSwiftUI.app */,
				008BA8EB2EA50B1C00AEDCF1 /* ExerciseAppSwiftUITests.xctest */,
				008BA8F52EA50B1C00AEDCF1 /* ExerciseAppSwiftUIUITests.xctest */,
			);
			name = Products;
			sourceTree = "<group>";
		};
/* End PBXGroup section */

/* Begin PBXNativeTarget section */
		008BA8DD2EA50B1A00AEDCF1 /* ExerciseAppSwiftUI */ = {
			isa = PBXNativeTarget;
			buildConfigurationList = 008BA8FF2EA50B1C00AEDCF1 /* Build configuration list for PBXNativeTarget "ExerciseAppSwiftUI" */;
			buildPhases = (
				008BA8DA2EA50B1A00AEDCF1 /* Sources */,
				008BA8DB2EA50B1A00AEDCF1 /* Frameworks */,
				008BA8DC2EA50B1A00AEDCF1 /* Resources */,
			);
			buildRules = (
			);
			dependencies = (
			);
			fileSystemSynchronizedGroups = (
				008BA8E02EA50B1A00AEDCF1 /* ExerciseAppSwiftUI */,
			);
			name = ExerciseAppSwiftUI;
			packageProductDependencies = (
			);
			productName = ExerciseAppSwiftUI;
			productReference = 008BA8DE2EA50B1A00AEDCF1 /* ExerciseAppSwiftUI.app */;
			productType = "com.apple.product-type.application";
		};
		008BA8EA2EA50B1C00AEDCF1 /* ExerciseAppSwiftUITests */ = {
			isa = PBXNativeTarget;
			buildConfigurationList = 008BA9022EA50B1C00AEDCF1 /* Build configuration list for PBXNativeTarget "ExerciseAppSwiftUITests" */;
			buildPhases = (
				008BA8E72EA50B1C00AEDCF1 /* Sources */,
				008BA8E82EA50B1C00AEDCF1 /* Frameworks */,
				008BA8E92EA50B1C00AEDCF1 /* Resources */,
			);
			buildRules = (
			);
			dependencies = (
				008BA8ED2EA50B1C00AEDCF1 /* PBXTargetDependency */,
			);
			fileSystemSynchronizedGroups = (
				008BA8EE2EA50B1C00AEDCF1 /* ExerciseAppSwiftUITests */,
			);
			name = ExerciseAppSwiftUITests;
			packageProductDependencies = (
			);
			productName = ExerciseAppSwiftUITests;
			productReference = 008BA8EB2EA50B1C00AEDCF1 /* ExerciseAppSwiftUITests.xctest */;
			productType = "com.apple.product-type.bundle.unit-test";
		};
		008BA8F42EA50B1C00AEDCF1 /* ExerciseAppSwiftUIUITests */ = {
			isa = PBXNativeTarget;
			buildConfigurationList = 008BA9052EA50B1C00AEDCF1 /* Build configuration list for PBXNativeTarget "ExerciseAppSwiftUIUITests" */;
			buildPhases = (
				008BA8F12EA50B1C00AEDCF1 /* Sources */,
				008BA8F22EA50B1C00AEDCF1 /* Frameworks */,
				008BA8F32EA50B1C00AEDCF1 /* Resources */,
			);
			buildRules = (
			);
			dependencies = (
				008BA8F72EA50B1C00AEDCF1 /* PBXTargetDependency */,
			);
			fileSystemSynchronizedGroups = (
				008BA8F82EA50B1C00AEDCF1 /* ExerciseAppSwiftUIUITests */,
			);
			name = ExerciseAppSwiftUIUITests;
			packageProductDependencies = (
			);
			productName = ExerciseAppSwiftUIUITests;
			productReference = 008BA8F52EA50B1C00AEDCF1 /* ExerciseAppSwiftUIUITests.xctest */;
			productType = "com.apple.product-type.bundle.ui-testing";
		};
/* End PBXNativeTarget section */

/* Begin PBXProject section */
		008BA8D62EA50B1A00AEDCF1 /* Project object */ = {
			isa = PBXProject;
			attributes = {
				BuildIndependentTargetsInParallel = 1;
				LastSwiftUpdateCheck = 1640;
				LastUpgradeCheck = 1640;
				TargetAttributes = {
					008BA8DD2EA50B1A00AEDCF1 = {
						CreatedOnToolsVersion = 16.4;
					};
					008BA8EA2EA50B1C00AEDCF1 = {
						CreatedOnToolsVersion = 16.4;
						TestTargetID = 008BA8DD2EA50B1A00AEDCF1;
					};
					008BA8F42EA50B1C00AEDCF1 = {
						CreatedOnToolsVersion = 16.4;
						TestTargetID = 008BA8DD2EA50B1A00AEDCF1;
					};
				};
			};
			buildConfigurationList = 008BA8D92EA50B1A00AEDCF1 /* Build configuration list for PBXProject "ExerciseAppSwiftUI" */;
			developmentRegion = en;
			hasScannedForEncodings = 0;
			knownRegions = (
				en,
				Base,
			);
			mainGroup = 008BA8D52EA50B1A00AEDCF1;
			minimizedProjectReferenceProxies = 1;
			preferredProjectObjectVersion = 77;
			productRefGroup = 008BA8DF2EA50B1A00AEDCF1 /* Products */;
			projectDirPath = "";
			projectRoot = "";
			targets = (
				008BA8DD2EA50B1A00AEDCF1 /* ExerciseAppSwiftUI */,
				008BA8EA2EA50B1C00AEDCF1 /* ExerciseAppSwiftUITests */,
				008BA8F42EA50B1C00AEDCF1 /* ExerciseAppSwiftUIUITests */,
			);
		};
/* End PBXProject section */

/* Begin PBXResourcesBuildPhase section */
		008BA8DC2EA50B1A00AEDCF1 /* Resources */ = {
			isa = PBXResourcesBuildPhase;
			buildActionMask = 2147483647;
			files = (
			);
			runOnlyForDeploymentPostprocessing = 0;
		};
		008BA8E92EA50B1C00AEDCF1 /* Resources */ = {
			isa = PBXResourcesBuildPhase;
			buildActionMask = 2147483647;
			files = (
			);
			runOnlyForDeploymentPostprocessing = 0;
		};
		008BA8F32EA50B1C00AEDCF1 /* Resources */ = {
			isa = PBXResourcesBuildPhase;
			buildActionMask = 2147483647;
			files = (
			);
			runOnlyForDeploymentPostprocessing = 0;
		};
/* End PBXResourcesBuildPhase section */

/* Begin PBXSourcesBuildPhase section */
		008BA8DA2EA50B1A00AEDCF1 /* Sources */ = {
			isa = PBXSourcesBuildPhase;
			buildActionMask = 2147483647;
			files = (
			);
			runOnlyForDeploymentPostprocessing = 0;
		};
		008BA8E72EA50B1C00AEDCF1 /* Sources */ = {
			isa = PBXSourcesBuildPhase;
			buildActionMask = 2147483647;
			files = (
			);
			runOnlyForDeploymentPostprocessing = 0;
		};
		008BA8F12EA50B1C00AEDCF1 /* Sources */ = {
			isa = PBXSourcesBuildPhase;
			buildActionMask = 2147483647;
			files = (
			);
			runOnlyForDeploymentPostprocessing = 0;
		};
/* End PBXSourcesBuildPhase section */

/* Begin PBXTargetDependency section */
		008BA8ED2EA50B1C00AEDCF1 /* PBXTargetDependency */ = {
			isa = PBXTargetDependency;
			target = 008BA8DD2EA50B1A00AEDCF1 /* ExerciseAppSwiftUI */;
			targetProxy = 008BA8EC2EA50B1C00AEDCF1 /* PBXContainerItemProxy */;
		};
		008BA8F72EA50B1C00AEDCF1 /* PBXTargetDependency */ = {
			isa = PBXTargetDependency;
			target = 008BA8DD2EA50B1A00AEDCF1 /* ExerciseAppSwiftUI */;
			targetProxy = 008BA8F62EA50B1C00AEDCF1 /* PBXContainerItemProxy */;
		};
/* End PBXTargetDependency section */

/* Begin XCBuildConfiguration section */
		008BA8FD2EA50B1C00AEDCF1 /* Debug */ = {
			isa = XCBuildConfiguration;
			buildSettings = {
				ALWAYS_SEARCH_USER_PATHS = NO;
				ASSETCATALOG_COMPILER_GENERATE_SWIFT_ASSET_SYMBOL_EXTENSIONS = YES;
				CLANG_ANALYZER_NONNULL = YES;
				CLANG_ANALYZER_NUMBER_OBJECT_CONVERSION = YES_AGGRESSIVE;
				CLANG_CXX_LANGUAGE_STANDARD = "gnu++20";
				CLANG_ENABLE_MODULES = YES;
				CLANG_ENABLE_OBJC_ARC = YES;
				CLANG_ENABLE_OBJC_WEAK = YES;
				CLANG_WARN_BLOCK_CAPTURE_AUTORELEASING = YES;
				CLANG_WARN_BOOL_CONVERSION = YES;
				CLANG_WARN_COMMA = YES;
				CLANG_WARN_CONSTANT_CONVERSION = YES;
				CLANG_WARN_DEPRECATED_OBJC_IMPLEMENTATIONS = YES;
				CLANG_WARN_DIRECT_OBJC_ISA_USAGE = YES_ERROR;
				CLANG_WARN_DOCUMENTATION_COMMENTS = YES;
				CLANG_WARN_EMPTY_BODY = YES;
				CLANG_WARN_ENUM_CONVERSION = YES;
				CLANG_WARN_INFINITE_RECURSION = YES;
				CLANG_WARN_INT_CONVERSION = YES;
				CLANG_WARN_NON_LITERAL_NULL_CONVERSION = YES;
				CLANG_WARN_OBJC_IMPLICIT_RETAIN_SELF = YES;
				CLANG_WARN_OBJC_LITERAL_CONVERSION = YES;
				CLANG_WARN_OBJC_ROOT_CLASS = YES_ERROR;
				CLANG_WARN_QUOTED_INCLUDE_IN_FRAMEWORK_HEADER = YES;
				CLANG_WARN_RANGE_LOOP_ANALYSIS = YES;
				CLANG_WARN_STRICT_PROTOTYPES = YES;
				CLANG_WARN_SUSPICIOUS_MOVE = YES;
				CLANG_WARN_UNGUARDED_AVAILABILITY = YES_AGGRESSIVE;
				CLANG_WARN_UNREACHABLE_CODE = YES;
				CLANG_WARN__DUPLICATE_METHOD_MATCH = YES;
				COPY_PHASE_STRIP = NO;
				DEBUG_INFORMATION_FORMAT = dwarf;
				DEVELOPMENT_TEAM = Q6K727HY3Y;
				ENABLE_STRICT_OBJC_MSGSEND = YES;
				ENABLE_TESTABILITY = YES;
				ENABLE_USER_SCRIPT_SANDBOXING = YES;
				GCC_C_LANGUAGE_STANDARD = gnu17;
				GCC_DYNAMIC_NO_PIC = NO;
				GCC_NO_COMMON_BLOCKS = YES;
				GCC_OPTIMIZATION_LEVEL = 0;
				GCC_PREPROCESSOR_DEFINITIONS = (
					"DEBUG=1",
					"$(inherited)",
				);
				GCC_WARN_64_TO_32_BIT_CONVERSION = YES;
				GCC_WARN_ABOUT_RETURN_TYPE = YES_ERROR;
				GCC_WARN_UNDECLARED_SELECTOR = YES;
				GCC_WARN_UNINITIALIZED_AUTOS = YES_AGGRESSIVE;
				GCC_WARN_UNUSED_FUNCTION = YES;
				GCC_WARN_UNUSED_VARIABLE = YES;
				IPHONEOS_DEPLOYMENT_TARGET = 18.5;
				LOCALIZATION_PREFERS_STRING_CATALOGS = YES;
				MTL_ENABLE_DEBUG_INFO = INCLUDE_SOURCE;
				MTL_FAST_MATH = YES;
				ONLY_ACTIVE_ARCH = YES;
				SDKROOT = iphoneos;
				SWIFT_ACTIVE_COMPILATION_CONDITIONS = "DEBUG $(inherited)";
				SWIFT_OPTIMIZATION_LEVEL = "-Onone";
			};
			name = Debug;
		};
		008BA8FE2EA50B1C00AEDCF1 /* Release */ = {
			isa = XCBuildConfiguration;
			buildSettings = {
				ALWAYS_SEARCH_USER_PATHS = NO;
				ASSETCATALOG_COMPILER_GENERATE_SWIFT_ASSET_SYMBOL_EXTENSIONS = YES;
				CLANG_ANALYZER_NONNULL = YES;
				CLANG_ANALYZER_NUMBER_OBJECT_CONVERSION = YES_AGGRESSIVE;
				CLANG_CXX_LANGUAGE_STANDARD = "gnu++20";
				CLANG_ENABLE_MODULES = YES;
				CLANG_ENABLE_OBJC_ARC = YES;
				CLANG_ENABLE_OBJC_WEAK = YES;
				CLANG_WARN_BLOCK_CAPTURE_AUTORELEASING = YES;
				CLANG_WARN_BOOL_CONVERSION = YES;
				CLANG_WARN_COMMA = YES;
				CLANG_WARN_CONSTANT_CONVERSION = YES;
				CLANG_WARN_DEPRECATED_OBJC_IMPLEMENTATIONS = YES;
				CLANG_WARN_DIRECT_OBJC_ISA_USAGE = YES_ERROR;
				CLANG_WARN_DOCUMENTATION_COMMENTS = YES;
				CLANG_WARN_EMPTY_BODY = YES;
				CLANG_WARN_ENUM_CONVERSION = YES;
				CLANG_WARN_INFINITE_RECURSION = YES;
				CLANG_WARN_INT_CONVERSION = YES;
				CLANG_WARN_NON_LITERAL_NULL_CONVERSION = YES;
				CLANG_WARN_OBJC_IMPLICIT_RETAIN_SELF = YES;
				CLANG_WARN_OBJC_LITERAL_CONVERSION = YES;
				CLANG_WARN_OBJC_ROOT_CLASS = YES_ERROR;
				CLANG_WARN_QUOTED_INCLUDE_IN_FRAMEWORK_HEADER = YES;
				CLANG_WARN_RANGE_LOOP_ANALYSIS = YES;
				CLANG_WARN_STRICT_PROTOTYPES = YES;
				CLANG_WARN_SUSPICIOUS_MOVE = YES;
				CLANG_WARN_UNGUARDED_AVAILABILITY = YES_AGGRESSIVE;
				CLANG_WARN_UNREACHABLE_CODE = YES;
				CLANG_WARN__DUPLICATE_METHOD_MATCH = YES;
				COPY_PHASE_STRIP = NO;
				DEBUG_INFORMATION_FORMAT = "dwarf-with-dsym";
				DEVELOPMENT_TEAM = Q6K727HY3Y;
				ENABLE_NS_ASSERTIONS = NO;
				ENABLE_STRICT_OBJC_MSGSEND = YES;
				ENABLE_USER_SCRIPT_SANDBOXING = YES;
				GCC_C_LANGUAGE_STANDARD = gnu17;
				GCC_NO_COMMON_BLOCKS = YES;
				GCC_WARN_64_TO_32_BIT_CONVERSION = YES;
				GCC_WARN_ABOUT_RETURN_TYPE = YES_ERROR;
				GCC_WARN_UNDECLARED_SELECTOR = YES;
				GCC_WARN_UNINITIALIZED_AUTOS = YES_AGGRESSIVE;
				GCC_WARN_UNUSED_FUNCTION = YES;
				GCC_WARN_UNUSED_VARIABLE = YES;
				IPHONEOS_DEPLOYMENT_TARGET = 18.5;
				LOCALIZATION_PREFERS_STRING_CATALOGS = YES;
				MTL_ENABLE_DEBUG_INFO = NO;
				MTL_FAST_MATH = YES;
				SDKROOT = iphoneos;
				SWIFT_COMPILATION_MODE = wholemodule;
				VALIDATE_PRODUCT = YES;
			};
			name = Release;
		};
		008BA9002EA50B1C00AEDCF1 /* Debug */ = {
			isa = XCBuildConfiguration;
			buildSettings = {
				ASSETCATALOG_COMPILER_APPICON_NAME = AppIcon;
				ASSETCATALOG_COMPILER_GLOBAL_ACCENT_COLOR_NAME = AccentColor;
				CODE_SIGN_STYLE = Automatic;
				CURRENT_PROJECT_VERSION = 1;
				DEVELOPMENT_TEAM = Q6K727HY3Y;
				ENABLE_PREVIEWS = YES;
				GENERATE_INFOPLIST_FILE = YES;
				INFOPLIST_KEY_UIApplicationSceneManifest_Generation = YES;
				INFOPLIST_KEY_UIApplicationSupportsIndirectInputEvents = YES;
				INFOPLIST_KEY_UILaunchScreen_Generation = YES;
				INFOPLIST_KEY_UISupportedInterfaceOrientations_iPad = "UIInterfaceOrientationPortrait UIInterfaceOrientationPortraitUpsideDown UIInterfaceOrientationLandscapeLeft UIInterfaceOrientationLandscapeRight";
				INFOPLIST_KEY_UISupportedInterfaceOrientations_iPhone = "UIInterfaceOrientationPortrait UIInterfaceOrientationLandscapeLeft UIInterfaceOrientationLandscapeRight";
				LD_RUNPATH_SEARCH_PATHS = (
					"$(inherited)",
					"@executable_path/Frameworks",
				);
				MARKETING_VERSION = 1.0;
				PRODUCT_BUNDLE_IDENTIFIER = com.farukdereci.ExerciseAppSwiftUI;
				PRODUCT_NAME = "$(TARGET_NAME)";
				SWIFT_EMIT_LOC_STRINGS = YES;
				SWIFT_VERSION = 5.0;
				TARGETED_DEVICE_FAMILY = "1,2";
			};
			name = Debug;
		};
		008BA9012EA50B1C00AEDCF1 /* Release */ = {
			isa = XCBuildConfiguration;
			buildSettings = {
				ASSETCATALOG_COMPILER_APPICON_NAME = AppIcon;
				ASSETCATALOG_COMPILER_GLOBAL_ACCENT_COLOR_NAME = AccentColor;
				CODE_SIGN_STYLE = Automatic;
				CURRENT_PROJECT_VERSION = 1;
				DEVELOPMENT_TEAM = Q6K727HY3Y;
				ENABLE_PREVIEWS = YES;
				GENERATE_INFOPLIST_FILE = YES;
				INFOPLIST_KEY_UIApplicationSceneManifest_Generation = YES;
				INFOPLIST_KEY_UIApplicationSupportsIndirectInputEvents = YES;
				INFOPLIST_KEY_UILaunchScreen_Generation = YES;
				INFOPLIST_KEY_UISupportedInterfaceOrientations_iPad = "UIInterfaceOrientationPortrait UIInterfaceOrientationPortraitUpsideDown UIInterfaceOrientationLandscapeLeft UIInterfaceOrientationLandscapeRight";
				INFOPLIST_KEY_UISupportedInterfaceOrientations_iPhone = "UIInterfaceOrientationPortrait UIInterfaceOrientationLandscapeLeft UIInterfaceOrientationLandscapeRight";
				LD_RUNPATH_SEARCH_PATHS = (
					"$(inherited)",
					"@executable_path/Frameworks",
				);
				MARKETING_VERSION = 1.0;
				PRODUCT_BUNDLE_IDENTIFIER = com.farukdereci.ExerciseAppSwiftUI;
				PRODUCT_NAME = "$(TARGET_NAME)";
				SWIFT_EMIT_LOC_STRINGS = YES;
				SWIFT_VERSION = 5.0;
				TARGETED_DEVICE_FAMILY = "1,2";
			};
			name = Release;
		};
		008BA9032EA50B1C00AEDCF1 /* Debug */ = {
			isa = XCBuildConfiguration;
			buildSettings = {
				BUNDLE_LOADER = "$(TEST_HOST)";
				CODE_SIGN_STYLE = Automatic;
				CURRENT_PROJECT_VERSION = 1;
				DEVELOPMENT_TEAM = Q6K727HY3Y;
				GENERATE_INFOPLIST_FILE = YES;
				IPHONEOS_DEPLOYMENT_TARGET = 18.5;
				MARKETING_VERSION = 1.0;
				PRODUCT_BUNDLE_IDENTIFIER = com.farukdereci.ExerciseAppSwiftUITests;
				PRODUCT_NAME = "$(TARGET_NAME)";
				SWIFT_EMIT_LOC_STRINGS = NO;
				SWIFT_VERSION = 5.0;
				TARGETED_DEVICE_FAMILY = "1,2";
				TEST_HOST = "$(BUILT_PRODUCTS_DIR)/ExerciseAppSwiftUI.app/$(BUNDLE_EXECUTABLE_FOLDER_PATH)/ExerciseAppSwiftUI";
			};
			name = Debug;
		};
		008BA9042EA50B1C00AEDCF1 /* Release */ = {
			isa = XCBuildConfiguration;
			buildSettings = {
				BUNDLE_LOADER = "$(TEST_HOST)";
				CODE_SIGN_STYLE = Automatic;
				CURRENT_PROJECT_VERSION = 1;
				DEVELOPMENT_TEAM = Q6K727HY3Y;
				GENERATE_INFOPLIST_FILE = YES;
				IPHONEOS_DEPLOYMENT_TARGET = 18.5;
				MARKETING_VERSION = 1.0;
				PRODUCT_BUNDLE_IDENTIFIER = com.farukdereci.ExerciseAppSwiftUITests;
				PRODUCT_NAME = "$(TARGET_NAME)";
				SWIFT_EMIT_LOC_STRINGS = NO;
				SWIFT_VERSION = 5.0;
				TARGETED_DEVICE_FAMILY = "1,2";
				TEST_HOST = "$(BUILT_PRODUCTS_DIR)/ExerciseAppSwiftUI.app/$(BUNDLE_EXECUTABLE_FOLDER_PATH)/ExerciseAppSwiftUI";
			};
			name = Release;
		};
		008BA9062EA50B1C00AEDCF1 /* Debug */ = {
			isa = XCBuildConfiguration;
			buildSettings = {
				CODE_SIGN_STYLE = Automatic;
				CURRENT_PROJECT_VERSION = 1;
				DEVELOPMENT_TEAM = Q6K727HY3Y;
				GENERATE_INFOPLIST_FILE = YES;
				MARKETING_VERSION = 1.0;
				PRODUCT_BUNDLE_IDENTIFIER = com.farukdereci.ExerciseAppSwiftUIUITests;
				PRODUCT_NAME = "$(TARGET_NAME)";
				SWIFT_EMIT_LOC_STRINGS = NO;
				SWIFT_VERSION = 5.0;
				TARGETED_DEVICE_FAMILY = "1,2";
				TEST_TARGET_NAME = ExerciseAppSwiftUI;
			};
			name = Debug;
		};
		008BA9072EA50B1C00AEDCF1 /* Release */ = {
			isa = XCBuildConfiguration;
			buildSettings = {
				CODE_SIGN_STYLE = Automatic;
				CURRENT_PROJECT_VERSION = 1;
				DEVELOPMENT_TEAM = Q6K727HY3Y;
				GENERATE_INFOPLIST_FILE = YES;
				MARKETING_VERSION = 1.0;
				PRODUCT_BUNDLE_IDENTIFIER = com.farukdereci.ExerciseAppSwiftUIUITests;
				PRODUCT_NAME = "$(TARGET_NAME)";
				SWIFT_EMIT_LOC_STRINGS = NO;
				SWIFT_VERSION = 5.0;
				TARGETED_DEVICE_FAMILY = "1,2";
				TEST_TARGET_NAME = ExerciseAppSwiftUI;
			};
			name = Release;
		};
/* End XCBuildConfiguration section */

/* Begin XCConfigurationList section */
		008BA8D92EA50B1A00AEDCF1 /* Build configuration list for PBXProject "ExerciseAppSwiftUI" */ = {
			isa = XCConfigurationList;
			buildConfigurations = (
				008BA8FD2EA50B1C00AEDCF1 /* Debug */,
				008BA8FE2EA50B1C00AEDCF1 /* Release */,
			);
			defaultConfigurationIsVisible = 0;
			defaultConfigurationName = Release;
		};
		008BA8FF2EA50B1C00AEDCF1 /* Build configuration list for PBXNativeTarget "ExerciseAppSwiftUI" */ = {
			isa = XCConfigurationList;
			buildConfigurations = (
				008BA9002EA50B1C00AEDCF1 /* Debug */,
				008BA9012EA50B1C00AEDCF1 /* Release */,
			);
			defaultConfigurationIsVisible = 0;
			defaultConfigurationName = Release;
		};
		008BA9022EA50B1C00AEDCF1 /* Build configuration list for PBXNativeTarget "ExerciseAppSwiftUITests" */ = {
			isa = XCConfigurationList;
			buildConfigurations = (
				008BA9032EA50B1C00AEDCF1 /* Debug */,
				008BA9042EA50B1C00AEDCF1 /* Release */,
			);
			defaultConfigurationIsVisible = 0;
			defaultConfigurationName = Release;
		};
		008BA9052EA50B1C00AEDCF1 /* Build configuration list for PBXNativeTarget "ExerciseAppSwiftUIUITests" */ = {
			isa = XCConfigurationList;
			buildConfigurations = (
				008BA9062EA50B1C00AEDCF1 /* Debug */,
				008BA9072EA50B1C00AEDCF1 /* Release */,
			);
			defaultConfigurationIsVisible = 0;
			defaultConfigurationName = Release;
		};
/* End XCConfigurationList section */
	};
	rootObject = 008BA8D62EA50B1A00AEDCF1 /* Project object */;
}
